{
  "name": "@augno/components",
  "version": "0.0.1",
  "lockfileVersion": 3,
  "requires": true,
  "packages": {
    "": {
      "name": "@augno/components",
      "version": "0.0.1",
      "devDependencies": {
        "@types/bun": "latest"
      },
      "peerDependencies": {
        "typescript": "^5"
      }
    },
    "node_modules/@types/bun": {
      "version": "1.2.12",
      "resolved": "https://registry.npmjs.org/@types/bun/-/bun-1.2.12.tgz",
      "integrity": "sha512-lY/GQTXDGsolT/TiH72p1tuyUORuRrdV7VwOTOjDOt8uTBJQOJc5zz3ufwwDl0VBaoxotSk4LdP0hhjLJ6ypIQ==",
      "dev": true,
      "license": "MIT",
      "dependencies": {
        "bun-types": "1.2.12"
      }
    },
    "node_modules/@types/node": {
      "version": "22.15.15",
      "dev": true,
      "license": "MIT",
      "dependencies": {
        "undici-types": "~6.21.0"
      }
    },
    "node_modules/bun-types": {
      "version": "1.2.12",
      "dev": true,
      "license": "MIT",
      "dependencies": {
        "@types/node": "*"
      }
    },
    "node_modules/typescript": {
      "version": "5.8.3",
      "license": "Apache-2.0",
      "peer": true,
      "bin": {
        "tsc": "bin/tsc",
        "tsserver": "bin/tsserver"
      },
      "engines": {
        "node": ">=14.17"
      }
    },
    "node_modules/undici-types": {
      "version": "6.21.0",
      "dev": true,
      "license": "MIT"
    }
  }
}
